// !$*UTF8*$!
{
	archiveVersion = 1;
	classes = {
	};
	objectVersion = 56;
	objects = {

/* Begin PBXBuildFile section */
		244BBCD52A0C0D6C002411E2 /* SearchResultViewController.swift in Sources */ = {isa = PBXBuildFile; fileRef = 244BBCD42A0C0D6C002411E2 /* SearchResultViewController.swift */; };
		2457DB922A0CE9520064656A /* OnboardingViewController.swift in Sources */ = {isa = PBXBuildFile; fileRef = 2457DB912A0CE9520064656A /* OnboardingViewController.swift */; };
		2457DB992A0CF1210064656A /* OnboardingSlide.swift in Sources */ = {isa = PBXBuildFile; fileRef = 2457DB982A0CF1210064656A /* OnboardingSlide.swift */; };
		2457DB9C2A0D0E0A0064656A /* OnboardingCollectionViewCell.swift in Sources */ = {isa = PBXBuildFile; fileRef = 2457DB9B2A0D0E0A0064656A /* OnboardingCollectionViewCell.swift */; };
		2483C97D2A0B7C4E0034CB80 /* AppDelegate.swift in Sources */ = {isa = PBXBuildFile; fileRef = 2483C97C2A0B7C4E0034CB80 /* AppDelegate.swift */; };
		2483C97F2A0B7C4E0034CB80 /* SceneDelegate.swift in Sources */ = {isa = PBXBuildFile; fileRef = 2483C97E2A0B7C4E0034CB80 /* SceneDelegate.swift */; };
		2483C9812A0B7C4E0034CB80 /* HomeViewController.swift in Sources */ = {isa = PBXBuildFile; fileRef = 2483C9802A0B7C4E0034CB80 /* HomeViewController.swift */; };
		2483C9862A0B7C500034CB80 /* Assets.xcassets in Resources */ = {isa = PBXBuildFile; fileRef = 2483C9852A0B7C500034CB80 /* Assets.xcassets */; };
		2483C9892A0B7C500034CB80 /* LaunchScreen.storyboard in Resources */ = {isa = PBXBuildFile; fileRef = 2483C9872A0B7C500034CB80 /* LaunchScreen.storyboard */; };
		2483C9932A0B80C60034CB80 /* CategoriesViewController.swift in Sources */ = {isa = PBXBuildFile; fileRef = 2483C9922A0B80C60034CB80 /* CategoriesViewController.swift */; };
		2483C9952A0B80DC0034CB80 /* FavoritesViewController.swift in Sources */ = {isa = PBXBuildFile; fileRef = 2483C9942A0B80DC0034CB80 /* FavoritesViewController.swift */; };
		2483C9972A0B80E90034CB80 /* ProfileViewController.swift in Sources */ = {isa = PBXBuildFile; fileRef = 2483C9962A0B80E90034CB80 /* ProfileViewController.swift */; };
		2483C9992A0B817F0034CB80 /* MainTabBarViewController.swift in Sources */ = {isa = PBXBuildFile; fileRef = 2483C9982A0B817F0034CB80 /* MainTabBarViewController.swift */; };
		2483C99E2A0B8F320034CB80 /* Inter-Bold.ttf in Resources */ = {isa = PBXBuildFile; fileRef = 2483C99B2A0B8F320034CB80 /* Inter-Bold.ttf */; };
		2483C99F2A0B8F320034CB80 /* Inter-Regular.ttf in Resources */ = {isa = PBXBuildFile; fileRef = 2483C99C2A0B8F320034CB80 /* Inter-Regular.ttf */; };
		2483C9A02A0B8F320034CB80 /* Inter-SemiBold.ttf in Resources */ = {isa = PBXBuildFile; fileRef = 2483C99D2A0B8F320034CB80 /* Inter-SemiBold.ttf */; };
		2483C9A32A0B92150034CB80 /* UIFont + Extensions.swift in Sources */ = {isa = PBXBuildFile; fileRef = 2483C9A22A0B92150034CB80 /* UIFont + Extensions.swift */; };
		2483C9A72A0B97410034CB80 /* UIColor + Extensions.swift in Sources */ = {isa = PBXBuildFile; fileRef = 2483C9A62A0B97410034CB80 /* UIColor + Extensions.swift */; };
		24CBA8922A122B9F00172907 /* HorizontalMenuCollectionView.swift in Sources */ = {isa = PBXBuildFile; fileRef = 24CBA8912A122B9F00172907 /* HorizontalMenuCollectionView.swift */; };
		24CBA8952A122CF200172907 /* HorizontalMenuCollectionViewCell.swift in Sources */ = {isa = PBXBuildFile; fileRef = 24CBA8942A122CF200172907 /* HorizontalMenuCollectionViewCell.swift */; };
/* End PBXBuildFile section */

/* Begin PBXFileReference section */
		244BBCD42A0C0D6C002411E2 /* SearchResultViewController.swift */ = {isa = PBXFileReference; lastKnownFileType = sourcecode.swift; path = SearchResultViewController.swift; sourceTree = "<group>"; };
		2457DB912A0CE9520064656A /* OnboardingViewController.swift */ = {isa = PBXFileReference; lastKnownFileType = sourcecode.swift; path = OnboardingViewController.swift; sourceTree = "<group>"; };
		2457DB982A0CF1210064656A /* OnboardingSlide.swift */ = {isa = PBXFileReference; lastKnownFileType = sourcecode.swift; path = OnboardingSlide.swift; sourceTree = "<group>"; };
		2457DB9B2A0D0E0A0064656A /* OnboardingCollectionViewCell.swift */ = {isa = PBXFileReference; lastKnownFileType = sourcecode.swift; path = OnboardingCollectionViewCell.swift; sourceTree = "<group>"; };
		2483C9792A0B7C4E0034CB80 /* WaveNews.app */ = {isa = PBXFileReference; explicitFileType = wrapper.application; includeInIndex = 0; path = WaveNews.app; sourceTree = BUILT_PRODUCTS_DIR; };
		2483C97C2A0B7C4E0034CB80 /* AppDelegate.swift */ = {isa = PBXFileReference; lastKnownFileType = sourcecode.swift; path = AppDelegate.swift; sourceTree = "<group>"; };
		2483C97E2A0B7C4E0034CB80 /* SceneDelegate.swift */ = {isa = PBXFileReference; lastKnownFileType = sourcecode.swift; path = SceneDelegate.swift; sourceTree = "<group>"; };
		2483C9802A0B7C4E0034CB80 /* HomeViewController.swift */ = {isa = PBXFileReference; lastKnownFileType = sourcecode.swift; path = HomeViewController.swift; sourceTree = "<group>"; };
		2483C9852A0B7C500034CB80 /* Assets.xcassets */ = {isa = PBXFileReference; lastKnownFileType = folder.assetcatalog; path = Assets.xcassets; sourceTree = "<group>"; };
		2483C9882A0B7C500034CB80 /* Base */ = {isa = PBXFileReference; lastKnownFileType = file.storyboard; name = Base; path = Base.lproj/LaunchScreen.storyboard; sourceTree = "<group>"; };
		2483C98A2A0B7C500034CB80 /* Info.plist */ = {isa = PBXFileReference; lastKnownFileType = text.plist.xml; path = Info.plist; sourceTree = "<group>"; };
		2483C9922A0B80C60034CB80 /* CategoriesViewController.swift */ = {isa = PBXFileReference; lastKnownFileType = sourcecode.swift; path = CategoriesViewController.swift; sourceTree = "<group>"; };
		2483C9942A0B80DC0034CB80 /* FavoritesViewController.swift */ = {isa = PBXFileReference; lastKnownFileType = sourcecode.swift; path = FavoritesViewController.swift; sourceTree = "<group>"; };
		2483C9962A0B80E90034CB80 /* ProfileViewController.swift */ = {isa = PBXFileReference; lastKnownFileType = sourcecode.swift; path = ProfileViewController.swift; sourceTree = "<group>"; };
		2483C9982A0B817F0034CB80 /* MainTabBarViewController.swift */ = {isa = PBXFileReference; lastKnownFileType = sourcecode.swift; path = MainTabBarViewController.swift; sourceTree = "<group>"; };
		2483C99B2A0B8F320034CB80 /* Inter-Bold.ttf */ = {isa = PBXFileReference; lastKnownFileType = file; path = "Inter-Bold.ttf"; sourceTree = "<group>"; };
		2483C99C2A0B8F320034CB80 /* Inter-Regular.ttf */ = {isa = PBXFileReference; lastKnownFileType = file; path = "Inter-Regular.ttf"; sourceTree = "<group>"; };
		2483C99D2A0B8F320034CB80 /* Inter-SemiBold.ttf */ = {isa = PBXFileReference; lastKnownFileType = file; path = "Inter-SemiBold.ttf"; sourceTree = "<group>"; };
		2483C9A22A0B92150034CB80 /* UIFont + Extensions.swift */ = {isa = PBXFileReference; lastKnownFileType = sourcecode.swift; path = "UIFont + Extensions.swift"; sourceTree = "<group>"; };
		2483C9A62A0B97410034CB80 /* UIColor + Extensions.swift */ = {isa = PBXFileReference; lastKnownFileType = sourcecode.swift; path = "UIColor + Extensions.swift"; sourceTree = "<group>"; };
		24CBA8912A122B9F00172907 /* HorizontalMenuCollectionView.swift */ = {isa = PBXFileReference; lastKnownFileType = sourcecode.swift; path = HorizontalMenuCollectionView.swift; sourceTree = "<group>"; };
		24CBA8942A122CF200172907 /* HorizontalMenuCollectionViewCell.swift */ = {isa = PBXFileReference; lastKnownFileType = sourcecode.swift; path = HorizontalMenuCollectionViewCell.swift; sourceTree = "<group>"; };
/* End PBXFileReference section */

/* Begin PBXFrameworksBuildPhase section */
		2483C9762A0B7C4E0034CB80 /* Frameworks */ = {
			isa = PBXFrameworksBuildPhase;
			buildActionMask = 2147483647;
			files = (
			);
			runOnlyForDeploymentPostprocessing = 0;
		};
/* End PBXFrameworksBuildPhase section */

/* Begin PBXGroup section */
		244BBCD02A0BF247002411E2 /* HomeModule */ = {
			isa = PBXGroup;
			children = (
				24CBA8902A122B7800172907 /* View */,
				24CBA88F2A122B6B00172907 /* Controllers */,
			);
			path = HomeModule;
			sourceTree = "<group>";
		};
		244BBCD12A0BF252002411E2 /* CategoriesModule */ = {
			isa = PBXGroup;
			children = (
				2483C9922A0B80C60034CB80 /* CategoriesViewController.swift */,
			);
			path = CategoriesModule;
			sourceTree = "<group>";
		};
		244BBCD22A0BF261002411E2 /* FavoritesModule */ = {
			isa = PBXGroup;
			children = (
				2483C9942A0B80DC0034CB80 /* FavoritesViewController.swift */,
			);
			path = FavoritesModule;
			sourceTree = "<group>";
		};
		244BBCD32A0BF26C002411E2 /* ProfileModule */ = {
			isa = PBXGroup;
			children = (
				2483C9962A0B80E90034CB80 /* ProfileViewController.swift */,
			);
			path = ProfileModule;
			sourceTree = "<group>";
		};
		2457DB902A0CE9390064656A /* Onboarding */ = {
			isa = PBXGroup;
			children = (
				2457DB972A0CECEE0064656A /* Model */,
				2457DB942A0CEB860064656A /* View */,
				2457DB932A0CEB770064656A /* Controller */,
			);
			path = Onboarding;
			sourceTree = "<group>";
		};
		2457DB932A0CEB770064656A /* Controller */ = {
			isa = PBXGroup;
			children = (
				2457DB912A0CE9520064656A /* OnboardingViewController.swift */,
			);
			path = Controller;
			sourceTree = "<group>";
		};
		2457DB942A0CEB860064656A /* View */ = {
			isa = PBXGroup;
			children = (
				2457DB9A2A0CF7EC0064656A /* Cell */,
			);
			path = View;
			sourceTree = "<group>";
		};
		2457DB972A0CECEE0064656A /* Model */ = {
			isa = PBXGroup;
			children = (
				2457DB982A0CF1210064656A /* OnboardingSlide.swift */,
			);
			path = Model;
			sourceTree = "<group>";
		};
		2457DB9A2A0CF7EC0064656A /* Cell */ = {
			isa = PBXGroup;
			children = (
				2457DB9B2A0D0E0A0064656A /* OnboardingCollectionViewCell.swift */,
			);
			path = Cell;
			sourceTree = "<group>";
		};
		2483C9702A0B7C4E0034CB80 = {
			isa = PBXGroup;
			children = (
				2483C97B2A0B7C4E0034CB80 /* WaveNews */,
				2483C97A2A0B7C4E0034CB80 /* Products */,
			);
			sourceTree = "<group>";
		};
		2483C97A2A0B7C4E0034CB80 /* Products */ = {
			isa = PBXGroup;
			children = (
				2483C9792A0B7C4E0034CB80 /* WaveNews.app */,
			);
			name = Products;
			sourceTree = "<group>";
		};
		2483C97B2A0B7C4E0034CB80 /* WaveNews */ = {
			isa = PBXGroup;
			children = (
				2483C9912A0B7D770034CB80 /* Application */,
				2457DB902A0CE9390064656A /* Onboarding */,
				244BBCD02A0BF247002411E2 /* HomeModule */,
				244BBCD12A0BF252002411E2 /* CategoriesModule */,
				244BBCD22A0BF261002411E2 /* FavoritesModule */,
				244BBCD32A0BF26C002411E2 /* ProfileModule */,
				2483C9982A0B817F0034CB80 /* MainTabBarViewController.swift */,
				2483C9A12A0B91FA0034CB80 /* Extensions */,
				2483C9902A0B7D580034CB80 /* Resources */,
			);
			path = WaveNews;
			sourceTree = "<group>";
		};
		2483C9902A0B7D580034CB80 /* Resources */ = {
			isa = PBXGroup;
			children = (
				2483C99A2A0B8E9A0034CB80 /* Fonts */,
				2483C9852A0B7C500034CB80 /* Assets.xcassets */,
				2483C9872A0B7C500034CB80 /* LaunchScreen.storyboard */,
				2483C98A2A0B7C500034CB80 /* Info.plist */,
			);
			path = Resources;
			sourceTree = "<group>";
		};
		2483C9912A0B7D770034CB80 /* Application */ = {
			isa = PBXGroup;
			children = (
				2483C97C2A0B7C4E0034CB80 /* AppDelegate.swift */,
				2483C97E2A0B7C4E0034CB80 /* SceneDelegate.swift */,
			);
			path = Application;
			sourceTree = "<group>";
		};
		2483C99A2A0B8E9A0034CB80 /* Fonts */ = {
			isa = PBXGroup;
			children = (
				2483C99B2A0B8F320034CB80 /* Inter-Bold.ttf */,
				2483C99C2A0B8F320034CB80 /* Inter-Regular.ttf */,
				2483C99D2A0B8F320034CB80 /* Inter-SemiBold.ttf */,
			);
			path = Fonts;
			sourceTree = "<group>";
		};
		2483C9A12A0B91FA0034CB80 /* Extensions */ = {
			isa = PBXGroup;
			children = (
				2483C9A22A0B92150034CB80 /* UIFont + Extensions.swift */,
				2483C9A62A0B97410034CB80 /* UIColor + Extensions.swift */,
			);
			path = Extensions;
			sourceTree = "<group>";
		};
		24CBA88F2A122B6B00172907 /* Controllers */ = {
			isa = PBXGroup;
			children = (
				2483C9802A0B7C4E0034CB80 /* HomeViewController.swift */,
				244BBCD42A0C0D6C002411E2 /* SearchResultViewController.swift */,
			);
			path = Controllers;
			sourceTree = "<group>";
		};
		24CBA8902A122B7800172907 /* View */ = {
			isa = PBXGroup;
			children = (
				24CBA8932A122CD900172907 /* Cell */,
				24CBA8912A122B9F00172907 /* HorizontalMenuCollectionView.swift */,
			);
			path = View;
			sourceTree = "<group>";
		};
		24CBA8932A122CD900172907 /* Cell */ = {
			isa = PBXGroup;
			children = (
				24CBA8942A122CF200172907 /* HorizontalMenuCollectionViewCell.swift */,
			);
			path = Cell;
			sourceTree = "<group>";
		};
/* End PBXGroup section */

/* Begin PBXNativeTarget section */
		2483C9782A0B7C4E0034CB80 /* WaveNews */ = {
			isa = PBXNativeTarget;
			buildConfigurationList = 2483C98D2A0B7C500034CB80 /* Build configuration list for PBXNativeTarget "WaveNews" */;
			buildPhases = (
				2483C9752A0B7C4E0034CB80 /* Sources */,
				2483C9762A0B7C4E0034CB80 /* Frameworks */,
				2483C9772A0B7C4E0034CB80 /* Resources */,
			);
			buildRules = (
			);
			dependencies = (
			);
			name = WaveNews;
			productName = WaveNews;
			productReference = 2483C9792A0B7C4E0034CB80 /* WaveNews.app */;
			productType = "com.apple.product-type.application";
		};
/* End PBXNativeTarget section */

/* Begin PBXProject section */
		2483C9712A0B7C4E0034CB80 /* Project object */ = {
			isa = PBXProject;
			attributes = {
				BuildIndependentTargetsInParallel = 1;
				LastSwiftUpdateCheck = 1430;
				LastUpgradeCheck = 1430;
				TargetAttributes = {
					2483C9782A0B7C4E0034CB80 = {
						CreatedOnToolsVersion = 14.3;
					};
				};
			};
			buildConfigurationList = 2483C9742A0B7C4E0034CB80 /* Build configuration list for PBXProject "WaveNews" */;
			compatibilityVersion = "Xcode 14.0";
			developmentRegion = en;
			hasScannedForEncodings = 0;
			knownRegions = (
				en,
				Base,
			);
			mainGroup = 2483C9702A0B7C4E0034CB80;
			productRefGroup = 2483C97A2A0B7C4E0034CB80 /* Products */;
			projectDirPath = "";
			projectRoot = "";
			targets = (
				2483C9782A0B7C4E0034CB80 /* WaveNews */,
			);
		};
/* End PBXProject section */

/* Begin PBXResourcesBuildPhase section */
		2483C9772A0B7C4E0034CB80 /* Resources */ = {
			isa = PBXResourcesBuildPhase;
			buildActionMask = 2147483647;
			files = (
				2483C99E2A0B8F320034CB80 /* Inter-Bold.ttf in Resources */,
				2483C9892A0B7C500034CB80 /* LaunchScreen.storyboard in Resources */,
				2483C99F2A0B8F320034CB80 /* Inter-Regular.ttf in Resources */,
				2483C9A02A0B8F320034CB80 /* Inter-SemiBold.ttf in Resources */,
				2483C9862A0B7C500034CB80 /* Assets.xcassets in Resources */,
			);
			runOnlyForDeploymentPostprocessing = 0;
		};
/* End PBXResourcesBuildPhase section */

/* Begin PBXSourcesBuildPhase section */
		2483C9752A0B7C4E0034CB80 /* Sources */ = {
			isa = PBXSourcesBuildPhase;
			buildActionMask = 2147483647;
			files = (
				2483C9972A0B80E90034CB80 /* ProfileViewController.swift in Sources */,
				2483C9812A0B7C4E0034CB80 /* HomeViewController.swift in Sources */,
				244BBCD52A0C0D6C002411E2 /* SearchResultViewController.swift in Sources */,
				24CBA8952A122CF200172907 /* HorizontalMenuCollectionViewCell.swift in Sources */,
				2483C97D2A0B7C4E0034CB80 /* AppDelegate.swift in Sources */,
				2483C9992A0B817F0034CB80 /* MainTabBarViewController.swift in Sources */,
				2457DB9C2A0D0E0A0064656A /* OnboardingCollectionViewCell.swift in Sources */,
				2483C9A32A0B92150034CB80 /* UIFont + Extensions.swift in Sources */,
				2483C9932A0B80C60034CB80 /* CategoriesViewController.swift in Sources */,
				2483C9A72A0B97410034CB80 /* UIColor + Extensions.swift in Sources */,
				24CBA8922A122B9F00172907 /* HorizontalMenuCollectionView.swift in Sources */,
				2457DB992A0CF1210064656A /* OnboardingSlide.swift in Sources */,
				2483C9952A0B80DC0034CB80 /* FavoritesViewController.swift in Sources */,
				2457DB922A0CE9520064656A /* OnboardingViewController.swift in Sources */,
				2483C97F2A0B7C4E0034CB80 /* SceneDelegate.swift in Sources */,
			);
			runOnlyForDeploymentPostprocessing = 0;
		};
/* End PBXSourcesBuildPhase section */

/* Begin PBXVariantGroup section */
		2483C9872A0B7C500034CB80 /* LaunchScreen.storyboard */ = {
			isa = PBXVariantGroup;
			children = (
				2483C9882A0B7C500034CB80 /* Base */,
			);
			name = LaunchScreen.storyboard;
			sourceTree = "<group>";
		};
/* End PBXVariantGroup section */

/* Begin XCBuildConfiguration section */
		2483C98B2A0B7C500034CB80 /* Debug */ = {
			isa = XCBuildConfiguration;
			buildSettings = {
				ALWAYS_SEARCH_USER_PATHS = NO;
				CLANG_ANALYZER_NONNULL = YES;
				CLANG_ANALYZER_NUMBER_OBJECT_CONVERSION = YES_AGGRESSIVE;
				CLANG_CXX_LANGUAGE_STANDARD = "gnu++20";
				CLANG_ENABLE_MODULES = YES;
				CLANG_ENABLE_OBJC_ARC = YES;
				CLANG_ENABLE_OBJC_WEAK = YES;
				CLANG_WARN_BLOCK_CAPTURE_AUTORELEASING = YES;
				CLANG_WARN_BOOL_CONVERSION = YES;
				CLANG_WARN_COMMA = YES;
				CLANG_WARN_CONSTANT_CONVERSION = YES;
				CLANG_WARN_DEPRECATED_OBJC_IMPLEMENTATIONS = YES;
				CLANG_WARN_DIRECT_OBJC_ISA_USAGE = YES_ERROR;
				CLANG_WARN_DOCUMENTATION_COMMENTS = YES;
				CLANG_WARN_EMPTY_BODY = YES;
				CLANG_WARN_ENUM_CONVERSION = YES;
				CLANG_WARN_INFINITE_RECURSION = YES;
				CLANG_WARN_INT_CONVERSION = YES;
				CLANG_WARN_NON_LITERAL_NULL_CONVERSION = YES;
				CLANG_WARN_OBJC_IMPLICIT_RETAIN_SELF = YES;
				CLANG_WARN_OBJC_LITERAL_CONVERSION = YES;
				CLANG_WARN_OBJC_ROOT_CLASS = YES_ERROR;
				CLANG_WARN_QUOTED_INCLUDE_IN_FRAMEWORK_HEADER = YES;
				CLANG_WARN_RANGE_LOOP_ANALYSIS = YES;
				CLANG_WARN_STRICT_PROTOTYPES = YES;
				CLANG_WARN_SUSPICIOUS_MOVE = YES;
				CLANG_WARN_UNGUARDED_AVAILABILITY = YES_AGGRESSIVE;
				CLANG_WARN_UNREACHABLE_CODE = YES;
				CLANG_WARN__DUPLICATE_METHOD_MATCH = YES;
				COPY_PHASE_STRIP = NO;
				DEBUG_INFORMATION_FORMAT = dwarf;
				ENABLE_STRICT_OBJC_MSGSEND = YES;
				ENABLE_TESTABILITY = YES;
				GCC_C_LANGUAGE_STANDARD = gnu11;
				GCC_DYNAMIC_NO_PIC = NO;
				GCC_NO_COMMON_BLOCKS = YES;
				GCC_OPTIMIZATION_LEVEL = 0;
				GCC_PREPROCESSOR_DEFINITIONS = (
					"DEBUG=1",
					"$(inherited)",
				);
				GCC_WARN_64_TO_32_BIT_CONVERSION = YES;
				GCC_WARN_ABOUT_RETURN_TYPE = YES_ERROR;
				GCC_WARN_UNDECLARED_SELECTOR = YES;
				GCC_WARN_UNINITIALIZED_AUTOS = YES_AGGRESSIVE;
				GCC_WARN_UNUSED_FUNCTION = YES;
				GCC_WARN_UNUSED_VARIABLE = YES;
				IPHONEOS_DEPLOYMENT_TARGET = 16.4;
				MTL_ENABLE_DEBUG_INFO = INCLUDE_SOURCE;
				MTL_FAST_MATH = YES;
				ONLY_ACTIVE_ARCH = YES;
				SDKROOT = iphoneos;
				SWIFT_ACTIVE_COMPILATION_CONDITIONS = DEBUG;
				SWIFT_OPTIMIZATION_LEVEL = "-Onone";
			};
			name = Debug;
		};
		2483C98C2A0B7C500034CB80 /* Release */ = {
			isa = XCBuildConfiguration;
			buildSettings = {
				ALWAYS_SEARCH_USER_PATHS = NO;
				CLANG_ANALYZER_NONNULL = YES;
				CLANG_ANALYZER_NUMBER_OBJECT_CONVERSION = YES_AGGRESSIVE;
				CLANG_CXX_LANGUAGE_STANDARD = "gnu++20";
				CLANG_ENABLE_MODULES = YES;
				CLANG_ENABLE_OBJC_ARC = YES;
				CLANG_ENABLE_OBJC_WEAK = YES;
				CLANG_WARN_BLOCK_CAPTURE_AUTORELEASING = YES;
				CLANG_WARN_BOOL_CONVERSION = YES;
				CLANG_WARN_COMMA = YES;
				CLANG_WARN_CONSTANT_CONVERSION = YES;
				CLANG_WARN_DEPRECATED_OBJC_IMPLEMENTATIONS = YES;
				CLANG_WARN_DIRECT_OBJC_ISA_USAGE = YES_ERROR;
				CLANG_WARN_DOCUMENTATION_COMMENTS = YES;
				CLANG_WARN_EMPTY_BODY = YES;
				CLANG_WARN_ENUM_CONVERSION = YES;
				CLANG_WARN_INFINITE_RECURSION = YES;
				CLANG_WARN_INT_CONVERSION = YES;
				CLANG_WARN_NON_LITERAL_NULL_CONVERSION = YES;
				CLANG_WARN_OBJC_IMPLICIT_RETAIN_SELF = YES;
				CLANG_WARN_OBJC_LITERAL_CONVERSION = YES;
				CLANG_WARN_OBJC_ROOT_CLASS = YES_ERROR;
				CLANG_WARN_QUOTED_INCLUDE_IN_FRAMEWORK_HEADER = YES;
				CLANG_WARN_RANGE_LOOP_ANALYSIS = YES;
				CLANG_WARN_STRICT_PROTOTYPES = YES;
				CLANG_WARN_SUSPICIOUS_MOVE = YES;
				CLANG_WARN_UNGUARDED_AVAILABILITY = YES_AGGRESSIVE;
				CLANG_WARN_UNREACHABLE_CODE = YES;
				CLANG_WARN__DUPLICATE_METHOD_MATCH = YES;
				COPY_PHASE_STRIP = NO;
				DEBUG_INFORMATION_FORMAT = "dwarf-with-dsym";
				ENABLE_NS_ASSERTIONS = NO;
				ENABLE_STRICT_OBJC_MSGSEND = YES;
				GCC_C_LANGUAGE_STANDARD = gnu11;
				GCC_NO_COMMON_BLOCKS = YES;
				GCC_WARN_64_TO_32_BIT_CONVERSION = YES;
				GCC_WARN_ABOUT_RETURN_TYPE = YES_ERROR;
				GCC_WARN_UNDECLARED_SELECTOR = YES;
				GCC_WARN_UNINITIALIZED_AUTOS = YES_AGGRESSIVE;
				GCC_WARN_UNUSED_FUNCTION = YES;
				GCC_WARN_UNUSED_VARIABLE = YES;
				IPHONEOS_DEPLOYMENT_TARGET = 16.4;
				MTL_ENABLE_DEBUG_INFO = NO;
				MTL_FAST_MATH = YES;
				SDKROOT = iphoneos;
				SWIFT_COMPILATION_MODE = wholemodule;
				SWIFT_OPTIMIZATION_LEVEL = "-O";
				VALIDATE_PRODUCT = YES;
			};
			name = Release;
		};
		2483C98E2A0B7C500034CB80 /* Debug */ = {
			isa = XCBuildConfiguration;
			buildSettings = {
				ASSETCATALOG_COMPILER_APPICON_NAME = AppIcon;
				ASSETCATALOG_COMPILER_GLOBAL_ACCENT_COLOR_NAME = AccentColor;
				CODE_SIGN_STYLE = Automatic;
				CURRENT_PROJECT_VERSION = 1;
				DEVELOPMENT_TEAM = UJRW24XH5L;
				GENERATE_INFOPLIST_FILE = YES;
				INFOPLIST_FILE = WaveNews/Resources/Info.plist;
				INFOPLIST_KEY_LSApplicationCategoryType = "public.app-category.news";
				INFOPLIST_KEY_UIApplicationSupportsIndirectInputEvents = YES;
				INFOPLIST_KEY_UILaunchStoryboardName = LaunchScreen;
				INFOPLIST_KEY_UISupportedInterfaceOrientations = UIInterfaceOrientationPortrait;
				IPHONEOS_DEPLOYMENT_TARGET = 15.0;
				LD_RUNPATH_SEARCH_PATHS = (
					"$(inherited)",
					"@executable_path/Frameworks",
				);
				MARKETING_VERSION = 1.0;
				PRODUCT_BUNDLE_IDENTIFIER = com.kodder.WaveNews;
				PRODUCT_NAME = "$(TARGET_NAME)";
				SUPPORTED_PLATFORMS = "iphoneos iphonesimulator";
				SUPPORTS_MACCATALYST = NO;
				SUPPORTS_MAC_DESIGNED_FOR_IPHONE_IPAD = NO;
				SWIFT_EMIT_LOC_STRINGS = YES;
				SWIFT_VERSION = 5.0;
				TARGETED_DEVICE_FAMILY = "1,2";
			};
			name = Debug;
		};
		2483C98F2A0B7C500034CB80 /* Release */ = {
			isa = XCBuildConfiguration;
			buildSettings = {
				ASSETCATALOG_COMPILER_APPICON_NAME = AppIcon;
				ASSETCATALOG_COMPILER_GLOBAL_ACCENT_COLOR_NAME = AccentColor;
				CODE_SIGN_STYLE = Automatic;
				CURRENT_PROJECT_VERSION = 1;
				DEVELOPMENT_TEAM = UJRW24XH5L;
				GENERATE_INFOPLIST_FILE = YES;
				INFOPLIST_FILE = WaveNews/Resources/Info.plist;
				INFOPLIST_KEY_LSApplicationCategoryType = "public.app-category.news";
				INFOPLIST_KEY_UIApplicationSupportsIndirectInputEvents = YES;
				INFOPLIST_KEY_UILaunchStoryboardName = LaunchScreen;
				INFOPLIST_KEY_UISupportedInterfaceOrientations = UIInterfaceOrientationPortrait;
				IPHONEOS_DEPLOYMENT_TARGET = 15.0;
				LD_RUNPATH_SEARCH_PATHS = (
					"$(inherited)",
					"@executable_path/Frameworks",
				);
				MARKETING_VERSION = 1.0;
				PRODUCT_BUNDLE_IDENTIFIER = com.kodder.WaveNews;
				PRODUCT_NAME = "$(TARGET_NAME)";
				SUPPORTED_PLATFORMS = "iphoneos iphonesimulator";
				SUPPORTS_MACCATALYST = NO;
				SUPPORTS_MAC_DESIGNED_FOR_IPHONE_IPAD = NO;
				SWIFT_EMIT_LOC_STRINGS = YES;
				SWIFT_VERSION = 5.0;
				TARGETED_DEVICE_FAMILY = "1,2";
			};
			name = Release;
		};
/* End XCBuildConfiguration section */

/* Begin XCConfigurationList section */
		2483C9742A0B7C4E0034CB80 /* Build configuration list for PBXProject "WaveNews" */ = {
			isa = XCConfigurationList;
			buildConfigurations = (
				2483C98B2A0B7C500034CB80 /* Debug */,
				2483C98C2A0B7C500034CB80 /* Release */,
			);
			defaultConfigurationIsVisible = 0;
			defaultConfigurationName = Release;
		};
		2483C98D2A0B7C500034CB80 /* Build configuration list for PBXNativeTarget "WaveNews" */ = {
			isa = XCConfigurationList;
			buildConfigurations = (
				2483C98E2A0B7C500034CB80 /* Debug */,
				2483C98F2A0B7C500034CB80 /* Release */,
			);
			defaultConfigurationIsVisible = 0;
			defaultConfigurationName = Release;
		};
/* End XCConfigurationList section */
	};
	rootObject = 2483C9712A0B7C4E0034CB80 /* Project object */;
}
